
Microsoft Visual Studio Solution File, Format Version 12.00
# Visual Studio 15
VisualStudioVersion = 15.0.28307.106
MinimumVisualStudioVersion = 10.0.40219.1
Project("{9A19103F-16F7-4668-BE54-9A1E7A4F7556}") = "HeadTails", "HeadTails\HeadTails.csproj", "{07287949-FF4A-4EFD-AE53-A0518B408170}"
EndProject
Global
	GlobalSection(SolutionConfigurationPlatforms) = preSolution
		Debug|Any CPU = Debug|Any CPU
		Release|Any CPU = Release|Any CPU
	EndGlobalSection
	GlobalSection(ProjectConfigurationPlatforms) = postSolution
		{07287949-FF4A-4EFD-AE53-A0518B408170}.Debug|Any CPU.ActiveCfg = Debug|Any CPU
		{07287949-FF4A-4EFD-AE53-A0518B408170}.Debug|Any CPU.Build.0 = Debug|Any CPU
		{07287949-FF4A-4EFD-AE53-A0518B408170}.Release|Any CPU.ActiveCfg = Release|Any CPU
		{07287949-FF4A-4EFD-AE53-A0518B408170}.Release|Any CPU.Build.0 = Release|Any CPU
	EndGlobalSection
	GlobalSection(SolutionProperties) = preSolution
		HideSolutionNode = FALSE
	EndGlobalSection
	GlobalSection(ExtensibilityGlobals) = postSolution
		SolutionGuid = {AFFD42A4-0066-4FA3-9F52-631CDA23C1ED}
	EndGlobalSection
EndGlobal
